
Microsoft Visual Studio Solution File, Format Version 12.00
# Visual Studio Version 16
VisualStudioVersion = 16.0.31005.135
MinimumVisualStudioVersion = 10.0.40219.1
Project("{FAE04EC0-301F-11D3-BF4B-00C04F79EFBC}") = "web-app-asp-net-mvc-database-query", "web-app-asp-net-mvc-database-query.csproj", "{83A91B53-FE51-49C3-BF60-4CC039F61DE1}"
EndProject
Global
	GlobalSection(SolutionConfigurationPlatforms) = preSolution
		Debug|Any CPU = Debug|Any CPU
		Release|Any CPU = Release|Any CPU
	EndGlobalSection
	GlobalSection(ProjectConfigurationPlatforms) = postSolution
		{83A91B53-FE51-49C3-BF60-4CC039F61DE1}.Debug|Any CPU.ActiveCfg = Debug|Any CPU
		{83A91B53-FE51-49C3-BF60-4CC039F61DE1}.Debug|Any CPU.Build.0 = Debug|Any CPU
		{83A91B53-FE51-49C3-BF60-4CC039F61DE1}.Release|Any CPU.ActiveCfg = Release|Any CPU
		{83A91B53-FE51-49C3-BF60-4CC039F61DE1}.Release|Any CPU.Build.0 = Release|Any CPU
	EndGlobalSection
	GlobalSection(SolutionProperties) = preSolution
		HideSolutionNode = FALSE
	EndGlobalSection
	GlobalSection(ExtensibilityGlobals) = postSolution
		SolutionGuid = {14E122E8-BDF1-414F-97A7-7A2429571824}
	EndGlobalSection
EndGlobal
